
Microsoft Visual Studio Solution File, Format Version 12.00
# Visual Studio 15
VisualStudioVersion = 15.0.28307.438
MinimumVisualStudioVersion = 10.0.40219.1
Project("{FAE04EC0-301F-11D3-BF4B-00C04F79EFBC}") = "FloriProject.Web", "FloriProject.Web\FloriProject.Web.csproj", "{3A54353F-A931-49B8-BF63-DAE64425E778}"
EndProject
Global
	GlobalSection(SolutionConfigurationPlatforms) = preSolution
		Debug|Any CPU = Debug|Any CPU
		Release|Any CPU = Release|Any CPU
	EndGlobalSection
	GlobalSection(ProjectConfigurationPlatforms) = postSolution
		{3A54353F-A931-49B8-BF63-DAE64425E778}.Debug|Any CPU.ActiveCfg = Debug|Any CPU
		{3A54353F-A931-49B8-BF63-DAE64425E778}.Debug|Any CPU.Build.0 = Debug|Any CPU
		{3A54353F-A931-49B8-BF63-DAE64425E778}.Release|Any CPU.ActiveCfg = Release|Any CPU
		{3A54353F-A931-49B8-BF63-DAE64425E778}.Release|Any CPU.Build.0 = Release|Any CPU
	EndGlobalSection
	GlobalSection(SolutionProperties) = preSolution
		HideSolutionNode = FALSE
	EndGlobalSection
	GlobalSection(ExtensibilityGlobals) = postSolution
		SolutionGuid = {C82F02D8-7AB1-4740-91BB-989A11BE49F8}
	EndGlobalSection
EndGlobal
